<?xml version="1.0" encoding="utf-8"?>
<Project ToolsVersion="4.0" xmlns="http://schemas.microsoft.com/developer/msbuild/2003">
  <ItemGroup>
    <Filter Include="main">
      <UniqueIdentifier>{9d69faf6-7e1f-4593-81ae-fcbf914346c1}</UniqueIdentifier>
    </Filter>
    <Filter Include="main\encryption">
      <UniqueIdentifier>{7e7fe45e-00d0-4d74-ae65-e2efa08e4ce6}</UniqueIdentifier>
    </Filter>
    <Filter Include="main\hash">
      <UniqueIdentifier>{b00cfad1-b0c2-4c96-9aa0-9da46edb9cc5}</UniqueIdentifier>
    </Filter>
  </ItemGroup>
  <ItemGroup>
    <ClInclude Include="..\xorstr\include\xorstr.hpp">
      <Filter>main\encryption</Filter>
    </ClInclude>
    <ClInclude Include="framework.hpp">
      <Filter>main</Filter>
    </ClInclude>
    <ClInclude Include="hash\fnv.hpp">
      <Filter>main\hash</Filter>
    </ClInclude>
  </ItemGroup>
</Project>